
Microsoft Visual Studio Solution File, Format Version 12.00
# Visual Studio Version 16
VisualStudioVersion = 16.0.29306.81
MinimumVisualStudioVersion = 10.0.40219.1
Project("{FAE04EC0-301F-11D3-BF4B-00C04F79EFBC}") = "AdoApp", "AdoApp\AdoApp.csproj", "{6C957F1D-47F4-4B9B-A7A7-9A070F05DAFB}"
EndProject
Global
	GlobalSection(SolutionConfigurationPlatforms) = preSolution
		Debug|Any CPU = Debug|Any CPU
		Release|Any CPU = Release|Any CPU
	EndGlobalSection
	GlobalSection(ProjectConfigurationPlatforms) = postSolution
		{6C957F1D-47F4-4B9B-A7A7-9A070F05DAFB}.Debug|Any CPU.ActiveCfg = Debug|Any CPU
		{6C957F1D-47F4-4B9B-A7A7-9A070F05DAFB}.Debug|Any CPU.Build.0 = Debug|Any CPU
		{6C957F1D-47F4-4B9B-A7A7-9A070F05DAFB}.Release|Any CPU.ActiveCfg = Release|Any CPU
		{6C957F1D-47F4-4B9B-A7A7-9A070F05DAFB}.Release|Any CPU.Build.0 = Release|Any CPU
	EndGlobalSection
	GlobalSection(SolutionProperties) = preSolution
		HideSolutionNode = FALSE
	EndGlobalSection
	GlobalSection(ExtensibilityGlobals) = postSolution
		SolutionGuid = {41752B61-DC1E-48BB-AF91-43F90D0636B2}
	EndGlobalSection
EndGlobal
